
Microsoft Visual Studio Solution File, Format Version 12.00
# Visual Studio Version 17
VisualStudioVersion = 17.2.32630.192
MinimumVisualStudioVersion = 10.0.40219.1
Project("{FAE04EC0-301F-11D3-BF4B-00C04F79EFBC}") = "ConsoleApp1", "ConsoleApp1\ConsoleApp1.csproj", "{79B896AC-9120-4632-8413-448D6B357378}"
EndProject
Global
	GlobalSection(SolutionConfigurationPlatforms) = preSolution
		Debug|Any CPU = Debug|Any CPU
		Release|Any CPU = Release|Any CPU
	EndGlobalSection
	GlobalSection(ProjectConfigurationPlatforms) = postSolution
		{79B896AC-9120-4632-8413-448D6B357378}.Debug|Any CPU.ActiveCfg = Debug|Any CPU
		{79B896AC-9120-4632-8413-448D6B357378}.Debug|Any CPU.Build.0 = Debug|Any CPU
		{79B896AC-9120-4632-8413-448D6B357378}.Release|Any CPU.ActiveCfg = Release|Any CPU
		{79B896AC-9120-4632-8413-448D6B357378}.Release|Any CPU.Build.0 = Release|Any CPU
	EndGlobalSection
	GlobalSection(SolutionProperties) = preSolution
		HideSolutionNode = FALSE
	EndGlobalSection
	GlobalSection(ExtensibilityGlobals) = postSolution
		SolutionGuid = {399128DA-D88B-4DF3-8838-3D1F4EA9E099}
	EndGlobalSection
EndGlobal
